
Microsoft Visual Studio Solution File, Format Version 12.00
# Visual Studio Version 17
VisualStudioVersion = 17.4.33213.308
MinimumVisualStudioVersion = 10.0.40219.1
Project("{9A19103F-16F7-4668-BE54-9A1E7A4F7556}") = "DiagPortalTest", "DiagPortalTest\DiagPortalTest.csproj", "{CD6B5760-BFBF-459F-8E80-01BDADBFAD7C}"
EndProject
Global
	GlobalSection(SolutionConfigurationPlatforms) = preSolution
		Debug|Any CPU = Debug|Any CPU
		Release|Any CPU = Release|Any CPU
	EndGlobalSection
	GlobalSection(ProjectConfigurationPlatforms) = postSolution
		{CD6B5760-BFBF-459F-8E80-01BDADBFAD7C}.Debug|Any CPU.ActiveCfg = Debug|Any CPU
		{CD6B5760-BFBF-459F-8E80-01BDADBFAD7C}.Debug|Any CPU.Build.0 = Debug|Any CPU
		{CD6B5760-BFBF-459F-8E80-01BDADBFAD7C}.Release|Any CPU.ActiveCfg = Release|Any CPU
		{CD6B5760-BFBF-459F-8E80-01BDADBFAD7C}.Release|Any CPU.Build.0 = Release|Any CPU
	EndGlobalSection
	GlobalSection(SolutionProperties) = preSolution
		HideSolutionNode = FALSE
	EndGlobalSection
	GlobalSection(ExtensibilityGlobals) = postSolution
		SolutionGuid = {CCCE4C34-0D5B-48E8-9BA3-D641214342A3}
	EndGlobalSection
EndGlobal
